
Microsoft Visual Studio Solution File, Format Version 12.00
# Visual Studio 15
VisualStudioVersion = 15.0.27004.2009
MinimumVisualStudioVersion = 10.0.40219.1
Project("{9A19103F-16F7-4668-BE54-9A1E7A4F7556}") = "Wikiled.Dictionary.Web", "Wikiled.Dictionary.Web\Wikiled.Dictionary.Web.csproj", "{7E6EB925-3C47-4EBF-BF57-0871056D9CC3}"
EndProject
Project("{E53339B2-1760-4266-BCC7-CA923CBCF16C}") = "docker-compose", "docker-compose.dcproj", "{A5ECE934-E76D-45E2-9E78-0EC4B3525B41}"
EndProject
Project("{9A19103F-16F7-4668-BE54-9A1E7A4F7556}") = "Wikiled.Postal.Web.Tests", "Wikiled.Dictionary.Web.Tests\Wikiled.Postal.Web.Tests.csproj", "{ACA1842C-1714-483D-88AB-AC1AD7A16A62}"
EndProject
Global
	GlobalSection(SolutionConfigurationPlatforms) = preSolution
		Debug|Any CPU = Debug|Any CPU
		Release|Any CPU = Release|Any CPU
	EndGlobalSection
	GlobalSection(ProjectConfigurationPlatforms) = postSolution
		{7E6EB925-3C47-4EBF-BF57-0871056D9CC3}.Debug|Any CPU.ActiveCfg = Debug|Any CPU
		{7E6EB925-3C47-4EBF-BF57-0871056D9CC3}.Debug|Any CPU.Build.0 = Debug|Any CPU
		{7E6EB925-3C47-4EBF-BF57-0871056D9CC3}.Release|Any CPU.ActiveCfg = Release|Any CPU
		{7E6EB925-3C47-4EBF-BF57-0871056D9CC3}.Release|Any CPU.Build.0 = Release|Any CPU
		{A5ECE934-E76D-45E2-9E78-0EC4B3525B41}.Debug|Any CPU.ActiveCfg = Debug|Any CPU
		{A5ECE934-E76D-45E2-9E78-0EC4B3525B41}.Release|Any CPU.ActiveCfg = Release|Any CPU
		{A5ECE934-E76D-45E2-9E78-0EC4B3525B41}.Release|Any CPU.Build.0 = Release|Any CPU
		{ACA1842C-1714-483D-88AB-AC1AD7A16A62}.Debug|Any CPU.ActiveCfg = Debug|Any CPU
		{ACA1842C-1714-483D-88AB-AC1AD7A16A62}.Debug|Any CPU.Build.0 = Debug|Any CPU
		{ACA1842C-1714-483D-88AB-AC1AD7A16A62}.Release|Any CPU.ActiveCfg = Release|Any CPU
		{ACA1842C-1714-483D-88AB-AC1AD7A16A62}.Release|Any CPU.Build.0 = Release|Any CPU
	EndGlobalSection
	GlobalSection(SolutionProperties) = preSolution
		HideSolutionNode = FALSE
	EndGlobalSection
	GlobalSection(ExtensibilityGlobals) = postSolution
		SolutionGuid = {5871729A-1615-4B26-A4C8-29A51A5B01E1}
	EndGlobalSection
EndGlobal
